
Microsoft Visual Studio Solution File, Format Version 12.00
# Visual Studio Version 16
VisualStudioVersion = 16.0.29709.97
MinimumVisualStudioVersion = 10.0.40219.1
Project("{FAE04EC0-301F-11D3-BF4B-00C04F79EFBC}") = "OODProject1", "OODProject1\OODProject1.csproj", "{2DB91586-0181-4F24-AD2A-5FEE4D912F21}"
EndProject
Global
	GlobalSection(SolutionConfigurationPlatforms) = preSolution
		Debug|Any CPU = Debug|Any CPU
		Release|Any CPU = Release|Any CPU
	EndGlobalSection
	GlobalSection(ProjectConfigurationPlatforms) = postSolution
		{2DB91586-0181-4F24-AD2A-5FEE4D912F21}.Debug|Any CPU.ActiveCfg = Debug|Any CPU
		{2DB91586-0181-4F24-AD2A-5FEE4D912F21}.Debug|Any CPU.Build.0 = Debug|Any CPU
		{2DB91586-0181-4F24-AD2A-5FEE4D912F21}.Release|Any CPU.ActiveCfg = Release|Any CPU
		{2DB91586-0181-4F24-AD2A-5FEE4D912F21}.Release|Any CPU.Build.0 = Release|Any CPU
	EndGlobalSection
	GlobalSection(SolutionProperties) = preSolution
		HideSolutionNode = FALSE
	EndGlobalSection
	GlobalSection(ExtensibilityGlobals) = postSolution
		SolutionGuid = {7B126AED-7202-4764-8012-E579DE919D60}
	EndGlobalSection
EndGlobal
